{
  "name": "@gershy/lilac-network",
  "version": "0.0.29",
  "lockfileVersion": 3,
  "requires": true,
  "packages": {
    "": {
      "name": "@gershy/lilac-network",
      "version": "0.0.29",
      "license": "ISC",
      "dependencies": {
        "@gershy/lilac": "^0.0.54",
        "@gershy/logger": "^0.0.22",
        "@gershy/util-phrasing": "^0.0.20"
      },
      "devDependencies": {
        "@types/node": "^24.10.1"
      },
      "peerDependencies": {
        "@gershy/clearing": "^0.0.54"
      }
    },
    "node_modules/@aws-sdk/client-api-gateway": {
      "version": "3.1101.0",
      "resolved": "https://registry.npmjs.org/@aws-sdk/client-api-gateway/-/client-api-gateway-3.1101.0.tgz",
      "integrity": "sha512-wsZHMxtoQrgc/rdAKUbiqb+62oC6fDiHrfY5cXYsXrduUENT1WXNhtK7YxORkMQ/NHLJHCIpWO1R2KHV4eKHjg==",
      "license": "Apache-2.0",
      "dependencies": {
        "@aws-sdk/core": "^3.977.4",
        "@aws-sdk/credential-provider-node": "^3.972.76",
        "@aws-sdk/middleware-sdk-api-gateway": "^3.972.26",
        "@aws-sdk/types": "^3.974.2",
        "@smithy/core": "^3.31.1",
        "@smithy/fetch-http-handler": "^5.6.13",
        "@smithy/node-http-handler": "^4.9.13",
        "@smithy/types": "^4.16.1",
        "tslib": "^2.6.2"
      },
      "engines": {
        "node": ">=20.0.0"
      }
    },
    "node_modules/@aws-sdk/core": {
      "version": "3.977.4",
      "resolved": "https://registry.npmjs.org/@aws-sdk/core/-/core-3.977.4.tgz",
      "integrity": "sha512-CEkcQlMOQJCvul60U7wdAOACjtdgFWDsfJI+6wUOGdhGNV2lGbuJpi/R50QLpFG3Tp+sQxa/RmzC3X7KHbhuTA==",
      "license": "Apache-2.0",
      "dependencies": {
        "@aws-sdk/types": "^3.974.2",
        "@aws-sdk/xml-builder": "^3.972.37",
        "@aws/lambda-invoke-store": "^0.3.0",
        "@smithy/core": "^3.31.1",
        "@smithy/signature-v4": "^5.6.12",
        "@smithy/types": "^4.16.1",
        "bowser": "^2.11.0",
        "tslib": "^2.6.2"
      },
      "engines": {
        "node": ">=20.0.0"
      }
    },
    "node_modules/@aws-sdk/credential-provider-env": {
      "version": "3.972.65",
      "resolved": "https://registry.npmjs.org/@aws-sdk/credential-provider-env/-/credential-provider-env-3.972.65.tgz",
      "integrity": "sha512-lJT2aRw9wCV8jPHyFJjdZLD4HTydL6/22AnCSOB8e/LqOc55nEJGLHkJQeSxhn8QiqyjFwPKQFtMw0ovjRUY/g==",
      "license": "Apache-2.0",
      "dependencies": {
        "@aws-sdk/core": "^3.977.4",
        "@aws-sdk/types": "^3.974.2",
        "@smithy/core": "^3.31.1",
        "@smithy/types": "^4.16.1",
        "tslib": "^2.6.2"
      },
      "engines": {
        "node": ">=20.0.0"
      }
    },
    "node_modules/@aws-sdk/credential-provider-http": {
      "version": "3.972.67",
      "resolved": "https://registry.npmjs.org/@aws-sdk/credential-provider-http/-/credential-provider-http-3.972.67.tgz",
      "integrity": "sha512-N7fw/15hSwI/CPxe5ohOyb7O4ge9f5me1gVIn8OIkBRB0squ8OJqQyDyH/HoL+Sb1W5xdC88jVC+bHkw73iu+Q==",
      "license": "Apache-2.0",
      "dependencies": {
        "@aws-sdk/core": "^3.977.4",
        "@aws-sdk/types": "^3.974.2",
        "@smithy/core": "^3.31.1",
        "@smithy/fetch-http-handler": "^5.6.13",
        "@smithy/node-http-handler": "^4.9.13",
        "@smithy/types": "^4.16.1",
        "tslib": "^2.6.2"
      },
      "engines": {
        "node": ">=20.0.0"
      }
    },
    "node_modules/@aws-sdk/credential-provider-ini": {
      "version": "3.973.10",
      "resolved": "https://registry.npmjs.org/@aws-sdk/credential-provider-ini/-/credential-provider-ini-3.973.10.tgz",
      "integrity": "sha512-Zh9XRaPnDN9buO7GfWBubS22R6Nq5D6hbyYEMN05LiOnXugm/8WDjUx6y756bSPbdn3aJB2qG4zFW3bN82QhoQ==",
      "license": "Apache-2.0",
      "dependencies": {
        "@aws-sdk/core": "^3.977.4",
        "@aws-sdk/credential-provider-env": "^3.972.65",
        "@aws-sdk/credential-provider-http": "^3.972.67",
        "@aws-sdk/credential-provider-login": "^3.972.72",
        "@aws-sdk/credential-provider-process": "^3.972.65",
        "@aws-sdk/credential-provider-sso": "^3.973.9",
        "@aws-sdk/credential-provider-web-identity": "^3.972.71",
        "@aws-sdk/nested-clients": "^3.997.39",
        "@aws-sdk/types": "^3.974.2",
        "@smithy/core": "^3.31.1",
        "@smithy/credential-provider-imds": "^4.4.16",
        "@smithy/types": "^4.16.1",
        "tslib": "^2.6.2"
      },
      "engines": {
        "node": ">=20.0.0"
      }
    },
    "node_modules/@aws-sdk/credential-provider-login": {
      "version": "3.972.72",
      "resolved": "https://registry.npmjs.org/@aws-sdk/credential-provider-login/-/credential-provider-login-3.972.72.tgz",
      "integrity": "sha512-zZapIKwaHp7TdTf9hbH1I3CVUdEupmt7FXO/BoTQGC+4h6NkXKWpqF2p5WyfpjurDLHCpSyh+BzMlAg8arqWLA==",
      "license": "Apache-2.0",
      "dependencies": {
        "@aws-sdk/core": "^3.977.4",
        "@aws-sdk/nested-clients": "^3.997.39",
        "@aws-sdk/types": "^3.974.2",
        "@smithy/core": "^3.31.1",
        "@smithy/types": "^4.16.1",
        "tslib": "^2.6.2"
      },
      "engines": {
        "node": ">=20.0.0"
      }
    },
    "node_modules/@aws-sdk/credential-provider-node": {
      "version": "3.972.76",
      "resolved": "https://registry.npmjs.org/@aws-sdk/credential-provider-node/-/credential-provider-node-3.972.76.tgz",
      "integrity": "sha512-1yzLmRiYSgGC25v7ZZEwJn/auhHHTIHgFOmzL2f36hf1+7jSLcX+1QrAz4760WEzPiiQl8xmlpFhHfl2OoyVzA==",
      "license": "Apache-2.0",
      "dependencies": {
        "@aws-sdk/credential-provider-env": "^3.972.65",
        "@aws-sdk/credential-provider-http": "^3.972.67",
        "@aws-sdk/credential-provider-ini": "^3.973.10",
        "@aws-sdk/credential-provider-process": "^3.972.65",
        "@aws-sdk/credential-provider-sso": "^3.973.9",
        "@aws-sdk/credential-provider-web-identity": "^3.972.71",
        "@aws-sdk/types": "^3.974.2",
        "@smithy/core": "^3.31.1",
        "@smithy/credential-provider-imds": "^4.4.16",
        "@smithy/types": "^4.16.1",
        "tslib": "^2.6.2"
      },
      "engines": {
        "node": ">=20.0.0"
      }
    },
    "node_modules/@aws-sdk/credential-provider-process": {
      "version": "3.972.65",
      "resolved": "https://registry.npmjs.org/@aws-sdk/credential-provider-process/-/credential-provider-process-3.972.65.tgz",
      "integrity": "sha512-e5DbbNteOSalN58U83G6kFa4ECLEuGbGqNBHIXE7zYXA/m4GHblIGjFbSH7wYv6gBV8iNSDcRZBKfQZF5vF9nw==",
      "license": "Apache-2.0",
      "dependencies": {
        "@aws-sdk/core": "^3.977.4",
        "@aws-sdk/types": "^3.974.2",
        "@smithy/core": "^3.31.1",
        "@smithy/types": "^4.16.1",
        "tslib": "^2.6.2"
      },
      "engines": {
        "node": ">=20.0.0"
      }
    },
    "node_modules/@aws-sdk/credential-provider-sso": {
      "version": "3.973.9",
      "resolved": "https://registry.npmjs.org/@aws-sdk/credential-provider-sso/-/credential-provider-sso-3.973.9.tgz",
      "integrity": "sha512-0V0u4t+KBku9fbh5CPCaC5hUWwSzDafp8nCuDy817zWbp2gz80jO44rMQkiwnZ+k54B+tjAtzRy00DJRGTKGBg==",
      "license": "Apache-2.0",
      "dependencies": {
        "@aws-sdk/core": "^3.977.4",
        "@aws-sdk/nested-clients": "^3.997.39",
        "@aws-sdk/token-providers": "3.1100.0",
        "@aws-sdk/types": "^3.974.2",
        "@smithy/core": "^3.31.1",
        "@smithy/types": "^4.16.1",
        "tslib": "^2.6.2"
      },
      "engines": {
        "node": ">=20.0.0"
      }
    },
    "node_modules/@aws-sdk/credential-provider-web-identity": {
      "version": "3.972.71",
      "resolved": "https://registry.npmjs.org/@aws-sdk/credential-provider-web-identity/-/credential-provider-web-identity-3.972.71.tgz",
      "integrity": "sha512-e4dwiRltGAaQ+2yxw57Hj0l/BF3BHiG14+QpYE7bGYBlpAq/fkIri2BDhjWon8c0mhhtd2txQBAkQb9BcTStFg==",
      "license": "Apache-2.0",
      "dependencies": {
        "@aws-sdk/core": "^3.977.4",
        "@aws-sdk/nested-clients": "^3.997.39",
        "@aws-sdk/types": "^3.974.2",
        "@smithy/core": "^3.31.1",
        "@smithy/types": "^4.16.1",
        "tslib": "^2.6.2"
      },
      "engines": {
        "node": ">=20.0.0"
      }
    },
    "node_modules/@aws-sdk/middleware-sdk-api-gateway": {
      "version": "3.972.26",
      "resolved": "https://registry.npmjs.org/@aws-sdk/middleware-sdk-api-gateway/-/middleware-sdk-api-gateway-3.972.26.tgz",
      "integrity": "sha512-Glr5SJc6F27O7w1uo76HSfZxyuVfLyhJXSC9cHoDlE4QZf3rYZTpHPfoTZhKoCcaXdpQmmoyYat99brrBZVH+A==",
      "license": "Apache-2.0",
      "dependencies": {
        "@aws-sdk/types": "^3.974.2",
        "@smithy/core": "^3.31.1",
        "@smithy/types": "^4.16.1",
        "tslib": "^2.6.2"
      },
      "engines": {
        "node": ">=20.0.0"
      }
    },
    "node_modules/@aws-sdk/nested-clients": {
      "version": "3.997.39",
      "resolved": "https://registry.npmjs.org/@aws-sdk/nested-clients/-/nested-clients-3.997.39.tgz",
      "integrity": "sha512-wU5NPnj62Sb7A8xn/Zb+xThe05P3otNtDl37iOIi5DDMeCesNeCckaG+eXWGUs12Z9R34I8CD05TaTe6SIa61g==",
      "license": "Apache-2.0",
      "dependencies": {
        "@aws-sdk/core": "^3.977.4",
        "@aws-sdk/signature-v4-multi-region": "^3.996.43",
        "@aws-sdk/types": "^3.974.2",
        "@smithy/core": "^3.31.1",
        "@smithy/fetch-http-handler": "^5.6.13",
        "@smithy/node-http-handler": "^4.9.13",
        "@smithy/types": "^4.16.1",
        "tslib": "^2.6.2"
      },
      "engines": {
        "node": ">=20.0.0"
      }
    },
    "node_modules/@aws-sdk/signature-v4-multi-region": {
      "version": "3.996.43",
      "resolved": "https://registry.npmjs.org/@aws-sdk/signature-v4-multi-region/-/signature-v4-multi-region-3.996.43.tgz",
      "integrity": "sha512-lKekx8bLBXSv4O+cslk9Zfnw2XKSkWBs3uWL5QGhH2ZAQfNS7FE0vcSSN2vD/AhxX54ZTywWxR4STThoeOXlBA==",
      "license": "Apache-2.0",
      "dependencies": {
        "@aws-sdk/types": "^3.974.2",
        "@smithy/signature-v4": "^5.6.12",
        "@smithy/types": "^4.16.1",
        "tslib": "^2.6.2"
      },
      "engines": {
        "node": ">=20.0.0"
      }
    },
    "node_modules/@aws-sdk/token-providers": {
      "version": "3.1100.0",
      "resolved": "https://registry.npmjs.org/@aws-sdk/token-providers/-/token-providers-3.1100.0.tgz",
      "integrity": "sha512-THf3MkgY3fNJZ3zdgSenLqR7gSE68KccCj1RCKretlG73Ppszvues02VpCUO9NlB/tZDC483FvGCld+AiPCkvg==",
      "license": "Apache-2.0",
      "dependencies": {
        "@aws-sdk/core": "^3.977.4",
        "@aws-sdk/nested-clients": "^3.997.39",
        "@aws-sdk/types": "^3.974.2",
        "@smithy/core": "^3.31.1",
        "@smithy/types": "^4.16.1",
        "tslib": "^2.6.2"
      },
      "engines": {
        "node": ">=20.0.0"
      }
    },
    "node_modules/@aws-sdk/types": {
      "version": "3.974.2",
      "resolved": "https://registry.npmjs.org/@aws-sdk/types/-/types-3.974.2.tgz",
      "integrity": "sha512-3W6IUtSxFbH6X7Wb7DzGCV5QiFQsd0g8bOfntpmDxQlzBoKWUMBu/JPQR0DwkE+Hpnxd6db1tXbOwdeHddG6cA==",
      "license": "Apache-2.0",
      "dependencies": {
        "@smithy/types": "^4.16.1",
        "tslib": "^2.6.2"
      },
      "engines": {
        "node": ">=20.0.0"
      }
    },
    "node_modules/@aws-sdk/xml-builder": {
      "version": "3.972.37",
      "resolved": "https://registry.npmjs.org/@aws-sdk/xml-builder/-/xml-builder-3.972.37.tgz",
      "integrity": "sha512-zKq4HQum8JwDyEuyfuI4bbiAcU0KxP6qy+9PR/IsR92IyE/DaBAikzAS50tjxip4bqIIANpCcG+Yyj6CVhXupg==",
      "license": "Apache-2.0",
      "dependencies": {
        "@smithy/types": "^4.16.1",
        "tslib": "^2.6.2"
      },
      "engines": {
        "node": ">=20.0.0"
      }
    },
    "node_modules/@aws/lambda-invoke-store": {
      "version": "0.3.0",
      "resolved": "https://registry.npmjs.org/@aws/lambda-invoke-store/-/lambda-invoke-store-0.3.0.tgz",
      "integrity": "sha512-sl4Bm6yiMNYrZKkqqDFWN0UfnWhlS8ivKxrYl+6t0gCLrqr8y3B2IqZZbFRkfaVVp7C/baApyh71P+LeE1A2sQ==",
      "license": "Apache-2.0",
      "engines": {
        "node": ">=18.0.0"
      }
    },
    "node_modules/@gershy/clearing": {
      "version": "0.0.54",
      "resolved": "https://registry.npmjs.org/@gershy/clearing/-/clearing-0.0.54.tgz",
      "integrity": "sha512-a32MhLKfJ9ZCpSr3NAt01vK8OVx8Y0rAyzbp1GkN3uE2noLcMoyV2z3wrm7aG5b9ZUCBodTmsK6r16eNHKEdbA==",
      "license": "ISC",
      "peer": true
    },
    "node_modules/@gershy/disk": {
      "version": "0.0.38",
      "resolved": "https://registry.npmjs.org/@gershy/disk/-/disk-0.0.38.tgz",
      "integrity": "sha512-dRzXvetSgQnkGF0WFCQx4KJOFPDos2w980OblyMyN+FtKRhblyAG7kRC/It+HGcNy5FOlZ3wGUC/yZlpSBcRzQ==",
      "license": "ISC",
      "dependencies": {
        "@gershy/entry": "^0.0.25",
        "@gershy/util-retry": "^0.0.26"
      },
      "peerDependencies": {
        "@gershy/clearing": "^0.0.54"
      }
    },
    "node_modules/@gershy/entry": {
      "version": "0.0.25",
      "resolved": "https://registry.npmjs.org/@gershy/entry/-/entry-0.0.25.tgz",
      "integrity": "sha512-lnnPSmlMXevBw5d+gLidRbfcnxRAr284pCNDYkR1gJlpoMuTiI7Z+5jksMoqDOw/tGlNOjDR/LUcTolh0O8GWQ==",
      "license": "ISC",
      "dependencies": {
        "@gershy/logger": "^0.0.22",
        "@gershy/util-codec-parse": "^0.0.22"
      },
      "peerDependencies": {
        "@gershy/clearing": "^0.0.54"
      }
    },
    "node_modules/@gershy/lilac": {
      "version": "0.0.54",
      "resolved": "https://registry.npmjs.org/@gershy/lilac/-/lilac-0.0.54.tgz",
      "integrity": "sha512-najkpCeKBA9Id8hnE64T7GcIbAogTMtdPzimTuGRIjnHL1u1UnYE0lIXupb2HXXEpMzXW9VZGdJPur3XYnd2Rg==",
      "license": "ISC",
      "dependencies": {
        "@aws-sdk/client-api-gateway": "^3.893.0",
        "@gershy/nodejs-proc": "^0.0.25",
        "@gershy/util-http": "^0.0.23",
        "@gershy/util-jsfn-encode": "^0.0.21",
        "@gershy/util-phrasing": "^0.0.20",
        "@gershy/util-slash-escape": "^0.0.16",
        "@gershy/util-try-with-healing": "^0.0.18"
      },
      "peerDependencies": {
        "@gershy/clearing": "^0.0.54"
      }
    },
    "node_modules/@gershy/logger": {
      "version": "0.0.22",
      "resolved": "https://registry.npmjs.org/@gershy/logger/-/logger-0.0.22.tgz",
      "integrity": "sha512-Od2UJlpUhrHfop8LgV4bRBBZXAbkBcp8zQPxlKJNcflO19Tcids55Vr6T1EiH/8ao68KiTz+qBH4MC2/LlLD/Q==",
      "license": "ISC",
      "peerDependencies": {
        "@gershy/clearing": "^0.0.54"
      }
    },
    "node_modules/@gershy/nodejs-proc": {
      "version": "0.0.25",
      "resolved": "https://registry.npmjs.org/@gershy/nodejs-proc/-/nodejs-proc-0.0.25.tgz",
      "integrity": "sha512-Rfolox0F8kvq5E2L+kpWbyJTotfA1sRpXzvfxAHfXalBbgyq3HI+OQkxobjS4kNt4yxtbPL593HV3/+1Dsiy/g==",
      "license": "ISC",
      "dependencies": {
        "@gershy/disk": "^0.0.38"
      },
      "peerDependencies": {
        "@gershy/clearing": "^0.0.54"
      }
    },
    "node_modules/@gershy/util-codec-parse": {
      "version": "0.0.22",
      "resolved": "https://registry.npmjs.org/@gershy/util-codec-parse/-/util-codec-parse-0.0.22.tgz",
      "integrity": "sha512-D3faT1L4hnT/HkJk2H8Jf28dGHgemDHeYahpsCve2Y0cyoozaTJWkoB77nJks3tSdYmEUhuE+9My2ZyvTw+2BA==",
      "license": "ISC",
      "peerDependencies": {
        "@gershy/clearing": "^0.0.54"
      }
    },
    "node_modules/@gershy/util-http": {
      "version": "0.0.23",
      "resolved": "https://registry.npmjs.org/@gershy/util-http/-/util-http-0.0.23.tgz",
      "integrity": "sha512-SENoZ+fazDCGcdWnCBDUdhXVi/Jzl8410vv8wfSJ9dMqRaUlXfL9Oqi6VhwA9zRsVRt6gDMqbbOSunLIrfTZYA==",
      "license": "ISC",
      "peerDependencies": {
        "@gershy/clearing": "^0.0.54"
      }
    },
    "node_modules/@gershy/util-jsfn-encode": {
      "version": "0.0.21",
      "resolved": "https://registry.npmjs.org/@gershy/util-jsfn-encode/-/util-jsfn-encode-0.0.21.tgz",
      "integrity": "sha512-itzxMpCPOZ4QAaeXuFEOCggKdrPz42CBv5OgqHD97GrreHTQl8W5DR9lSOgpkpcg1M+TnxE8jBABsh11xHgLBg==",
      "license": "ISC",
      "peerDependencies": {
        "@gershy/clearing": "^0.0.54"
      }
    },
    "node_modules/@gershy/util-phrasing": {
      "version": "0.0.20",
      "resolved": "https://registry.npmjs.org/@gershy/util-phrasing/-/util-phrasing-0.0.20.tgz",
      "integrity": "sha512-uyuQ3GSLUWbsK1r7ieFWHE+iGjqHLXt+rzSk0zW2SdCRdRMv1dSpPyZzJXRTdhkn5Z+8ATFhOL7r1JP0GzuEFQ==",
      "license": "ISC",
      "peerDependencies": {
        "@gershy/clearing": "^0.0.54"
      }
    },
    "node_modules/@gershy/util-retry": {
      "version": "0.0.26",
      "resolved": "https://registry.npmjs.org/@gershy/util-retry/-/util-retry-0.0.26.tgz",
      "integrity": "sha512-H8j4pOoSrlQ80WBQhTI4680gKTxIV+aaJgHOARDtHbdiNbD/KVQEN9CzquNGYRJpI+wfp0Z2jFYD59f7Ypr4Rw==",
      "license": "ISC",
      "peerDependencies": {
        "@gershy/clearing": "^0.0.54"
      }
    },
    "node_modules/@gershy/util-slash-escape": {
      "version": "0.0.16",
      "resolved": "https://registry.npmjs.org/@gershy/util-slash-escape/-/util-slash-escape-0.0.16.tgz",
      "integrity": "sha512-xlgBOJ7Jj3a2oW+pl399lpt+DQGbDwQXBd36Clp6BKOluiZVYxSvU2gJgCsbQugNcuPo/BMuvNgRJ4GwsLZTAw==",
      "license": "ISC",
      "peerDependencies": {
        "@gershy/clearing": "^0.0.54"
      }
    },
    "node_modules/@gershy/util-try-with-healing": {
      "version": "0.0.18",
      "resolved": "https://registry.npmjs.org/@gershy/util-try-with-healing/-/util-try-with-healing-0.0.18.tgz",
      "integrity": "sha512-5Qdz3cmQODs0i97UbyABmqoWIZZlvJhzBWPYGCpGqBCRxg/T6Lw39EixiqLpQ9P+D8t2VwswnESXDqgnmkuvyw==",
      "license": "ISC",
      "peerDependencies": {
        "@gershy/clearing": "^0.0.54"
      }
    },
    "node_modules/@smithy/core": {
      "version": "3.31.1",
      "resolved": "https://registry.npmjs.org/@smithy/core/-/core-3.31.1.tgz",
      "integrity": "sha512-CyogUINxvi7C7LDsh8Syo6hVJOT9ckz4rG8dRZfTJ8r91HkMY59PnNooaj7WcHyxEkxPfBAmbgztZU+xTo76lg==",
      "license": "Apache-2.0",
      "dependencies": {
        "@smithy/types": "^4.16.1",
        "tslib": "^2.6.2"
      },
      "engines": {
        "node": ">=18.0.0"
      }
    },
    "node_modules/@smithy/credential-provider-imds": {
      "version": "4.4.16",
      "resolved": "https://registry.npmjs.org/@smithy/credential-provider-imds/-/credential-provider-imds-4.4.16.tgz",
      "integrity": "sha512-QfuLWAkLzptffFW980AFeHZFdqds2B64rpEd3uJ6lgs3xVn9QegGMUgUcj+4d7dRrAsya3r58ZKpku97WcFb4w==",
      "license": "Apache-2.0",
      "dependencies": {
        "@smithy/core": "^3.31.1",
        "@smithy/types": "^4.16.1",
        "tslib": "^2.6.2"
      },
      "engines": {
        "node": ">=18.0.0"
      }
    },
    "node_modules/@smithy/fetch-http-handler": {
      "version": "5.6.13",
      "resolved": "https://registry.npmjs.org/@smithy/fetch-http-handler/-/fetch-http-handler-5.6.13.tgz",
      "integrity": "sha512-4fW86pEUOMbrD5nkbyl/tTvPHHWJFbuB2odl6ps9lWfHoXf9HWh3Q/Smh59qH1g7+c/BSZghX6bbUk4gsiMs8A==",
      "license": "Apache-2.0",
      "dependencies": {
        "@smithy/core": "^3.31.1",
        "@smithy/types": "^4.16.1",
        "tslib": "^2.6.2"
      },
      "engines": {
        "node": ">=18.0.0"
      }
    },
    "node_modules/@smithy/node-http-handler": {
      "version": "4.9.13",
      "resolved": "https://registry.npmjs.org/@smithy/node-http-handler/-/node-http-handler-4.9.13.tgz",
      "integrity": "sha512-Nmd/Nl35zfYrd+a6OO2cDJb3GPh9bgTjIUhcM+JFfjpp8/osCgboDV5nCT1I01Pv6R13eSKDKLSoVa5ZB6Zsfw==",
      "license": "Apache-2.0",
      "dependencies": {
        "@smithy/core": "^3.31.1",
        "@smithy/types": "^4.16.1",
        "tslib": "^2.6.2"
      },
      "engines": {
        "node": ">=18.0.0"
      }
    },
    "node_modules/@smithy/signature-v4": {
      "version": "5.6.12",
      "resolved": "https://registry.npmjs.org/@smithy/signature-v4/-/signature-v4-5.6.12.tgz",
      "integrity": "sha512-I6KLtq3H0qqSuV9vLglfi8puHqzygzWHOnI4z/Rdoo+q50vvo18vBRdPAvvEtcaKROz7Zn6qnPa14kRfPH6PcQ==",
      "license": "Apache-2.0",
      "dependencies": {
        "@smithy/core": "^3.31.1",
        "@smithy/types": "^4.16.1",
        "tslib": "^2.6.2"
      },
      "engines": {
        "node": ">=18.0.0"
      }
    },
    "node_modules/@smithy/types": {
      "version": "4.16.1",
      "resolved": "https://registry.npmjs.org/@smithy/types/-/types-4.16.1.tgz",
      "integrity": "sha512-0JFs3V2y2M9tKW5na/qxe69Zv+uxLMO7QBbhxF/FHu/Gp2NFZAAL9tWl9PU02xxo07pb3G9FTyjNc6D5uZrJIg==",
      "license": "Apache-2.0",
      "dependencies": {
        "tslib": "^2.6.2"
      },
      "engines": {
        "node": ">=18.0.0"
      }
    },
    "node_modules/@types/node": {
      "version": "24.13.3",
      "resolved": "https://registry.npmjs.org/@types/node/-/node-24.13.3.tgz",
      "integrity": "sha512-Dh8vAsV36ig5wa9OX4pXvMc9D3Veibfw2wix0CUwYODLD8nkj9UsLjASr49nPg+2eKzxhBV+v7L8pXvT4e639Q==",
      "dev": true,
      "license": "MIT",
      "dependencies": {
        "undici-types": "~7.18.0"
      }
    },
    "node_modules/bowser": {
      "version": "2.14.1",
      "resolved": "https://registry.npmjs.org/bowser/-/bowser-2.14.1.tgz",
      "integrity": "sha512-tzPjzCxygAKWFOJP011oxFHs57HzIhOEracIgAePE4pqB3LikALKnSzUyU4MGs9/iCEUuHlAJTjTc5M+u7YEGg==",
      "license": "MIT"
    },
    "node_modules/tslib": {
      "version": "2.8.1",
      "resolved": "https://registry.npmjs.org/tslib/-/tslib-2.8.1.tgz",
      "integrity": "sha512-oJFu94HQb+KVduSUQL7wnpmqnfmLsOA/nAh6b6EH0wCEoK0/mPeXU6c3wKDV83MkOuHPRHtSXKKU99IBazS/2w==",
      "license": "0BSD"
    },
    "node_modules/undici-types": {
      "version": "7.18.2",
      "resolved": "https://registry.npmjs.org/undici-types/-/undici-types-7.18.2.tgz",
      "integrity": "sha512-AsuCzffGHJybSaRrmr5eHr81mwJU3kjw6M+uprWvCXiNeN9SOGwQ3Jn8jb8m3Z6izVgknn1R0FTCEAP2QrLY/w==",
      "dev": true,
      "license": "MIT"
    }
  }
}
