{
  "name": "@gershy/lilac-network",
  "version": "0.0.18",
  "lockfileVersion": 3,
  "requires": true,
  "packages": {
    "": {
      "name": "@gershy/lilac-network",
      "version": "0.0.18",
      "license": "ISC",
      "dependencies": {
        "@gershy/lilac": "^0.0.45",
        "@gershy/logger": "^0.0.16",
        "@gershy/util-phrasing": "^0.0.14"
      },
      "devDependencies": {
        "@types/node": "^24.10.1"
      },
      "peerDependencies": {
        "@gershy/clearing": "^0.0.48"
      }
    },
    "node_modules/@aws-sdk/client-api-gateway": {
      "version": "3.1095.0",
      "resolved": "https://registry.npmjs.org/@aws-sdk/client-api-gateway/-/client-api-gateway-3.1095.0.tgz",
      "integrity": "sha512-nKKV6LjNQ+YBDuRfmkSFZ5e4PBkZWJTp/bIpUc2Wle2U+B/o7q7Sx37pnTirVfWhUYk0LQbFJQwdzhVmdfiOzg==",
      "dependencies": {
        "@aws-sdk/core": "^3.977.0",
        "@aws-sdk/credential-provider-node": "^3.972.72",
        "@aws-sdk/middleware-sdk-api-gateway": "^3.972.25",
        "@aws-sdk/types": "^3.974.2",
        "@smithy/core": "^3.29.8",
        "@smithy/fetch-http-handler": "^5.6.10",
        "@smithy/node-http-handler": "^4.9.10",
        "@smithy/types": "^4.16.1",
        "tslib": "^2.6.2"
      },
      "engines": {
        "node": ">=20.0.0"
      }
    },
    "node_modules/@aws-sdk/core": {
      "version": "3.977.0",
      "resolved": "https://registry.npmjs.org/@aws-sdk/core/-/core-3.977.0.tgz",
      "integrity": "sha512-w+iANjPGOj4fHxWeyjfRt+xeRX8BIOVStqdTcMebfeIJicTiBTMAbQurQuVfAxHpUfsoV+fWaEQvGpO6IWifLQ==",
      "dependencies": {
        "@aws-sdk/types": "^3.974.2",
        "@aws-sdk/xml-builder": "^3.972.37",
        "@aws/lambda-invoke-store": "^0.3.0",
        "@smithy/core": "^3.29.8",
        "@smithy/signature-v4": "^5.6.9",
        "@smithy/types": "^4.16.1",
        "bowser": "^2.11.0",
        "tslib": "^2.6.2"
      },
      "engines": {
        "node": ">=20.0.0"
      }
    },
    "node_modules/@aws-sdk/credential-provider-env": {
      "version": "3.972.61",
      "resolved": "https://registry.npmjs.org/@aws-sdk/credential-provider-env/-/credential-provider-env-3.972.61.tgz",
      "integrity": "sha512-qihs2ekMb89Nxd2JenCgVFhjbkb3EIo7HEBCBzyZACKVJdrLUZBLOmAE3xr0Sayml8n/jZSzwO/IufIiIzO7PQ==",
      "dependencies": {
        "@aws-sdk/core": "^3.977.0",
        "@aws-sdk/types": "^3.974.2",
        "@smithy/core": "^3.29.8",
        "@smithy/types": "^4.16.1",
        "tslib": "^2.6.2"
      },
      "engines": {
        "node": ">=20.0.0"
      }
    },
    "node_modules/@aws-sdk/credential-provider-http": {
      "version": "3.972.63",
      "resolved": "https://registry.npmjs.org/@aws-sdk/credential-provider-http/-/credential-provider-http-3.972.63.tgz",
      "integrity": "sha512-yfozsS8wkWZEi/n6IsrodcFKBWZ0iNAezhJbTReMNc0z1Px17qdeAeuL1/wziCAmCZyXiW7QzP75ggJkBQv8jQ==",
      "dependencies": {
        "@aws-sdk/core": "^3.977.0",
        "@aws-sdk/types": "^3.974.2",
        "@smithy/core": "^3.29.8",
        "@smithy/fetch-http-handler": "^5.6.10",
        "@smithy/node-http-handler": "^4.9.10",
        "@smithy/types": "^4.16.1",
        "tslib": "^2.6.2"
      },
      "engines": {
        "node": ">=20.0.0"
      }
    },
    "node_modules/@aws-sdk/credential-provider-ini": {
      "version": "3.973.6",
      "resolved": "https://registry.npmjs.org/@aws-sdk/credential-provider-ini/-/credential-provider-ini-3.973.6.tgz",
      "integrity": "sha512-jGLTW1bj148GL/6/IMlfY2fMYS9FtHOG+NahkFD4y0qkzYudNUahelxryY68/HGMslYuHClk1XaS/3b3eJzEkg==",
      "dependencies": {
        "@aws-sdk/core": "^3.977.0",
        "@aws-sdk/credential-provider-env": "^3.972.61",
        "@aws-sdk/credential-provider-http": "^3.972.63",
        "@aws-sdk/credential-provider-login": "^3.972.68",
        "@aws-sdk/credential-provider-process": "^3.972.61",
        "@aws-sdk/credential-provider-sso": "^3.973.5",
        "@aws-sdk/credential-provider-web-identity": "^3.972.67",
        "@aws-sdk/nested-clients": "^3.997.35",
        "@aws-sdk/types": "^3.974.2",
        "@smithy/core": "^3.29.8",
        "@smithy/credential-provider-imds": "^4.4.13",
        "@smithy/types": "^4.16.1",
        "tslib": "^2.6.2"
      },
      "engines": {
        "node": ">=20.0.0"
      }
    },
    "node_modules/@aws-sdk/credential-provider-login": {
      "version": "3.972.68",
      "resolved": "https://registry.npmjs.org/@aws-sdk/credential-provider-login/-/credential-provider-login-3.972.68.tgz",
      "integrity": "sha512-w6tNci6g7RqFpLhj1f5xseBvaNojb4Pkgp5Jp5apl9hrJtaf2AA+rX9+qlhlWUK6kcyAFYPA7emO+55zj+S98Q==",
      "dependencies": {
        "@aws-sdk/core": "^3.977.0",
        "@aws-sdk/nested-clients": "^3.997.35",
        "@aws-sdk/types": "^3.974.2",
        "@smithy/core": "^3.29.8",
        "@smithy/types": "^4.16.1",
        "tslib": "^2.6.2"
      },
      "engines": {
        "node": ">=20.0.0"
      }
    },
    "node_modules/@aws-sdk/credential-provider-node": {
      "version": "3.972.72",
      "resolved": "https://registry.npmjs.org/@aws-sdk/credential-provider-node/-/credential-provider-node-3.972.72.tgz",
      "integrity": "sha512-blQ7F5QGzylnzeh5549zQLoCAiMHkXFLjFovEMaVy4b2X8JhUu+u9NXro1hyK95YHdVFNmBHKs2hIHtZchxKlQ==",
      "dependencies": {
        "@aws-sdk/credential-provider-env": "^3.972.61",
        "@aws-sdk/credential-provider-http": "^3.972.63",
        "@aws-sdk/credential-provider-ini": "^3.973.6",
        "@aws-sdk/credential-provider-process": "^3.972.61",
        "@aws-sdk/credential-provider-sso": "^3.973.5",
        "@aws-sdk/credential-provider-web-identity": "^3.972.67",
        "@aws-sdk/types": "^3.974.2",
        "@smithy/core": "^3.29.8",
        "@smithy/credential-provider-imds": "^4.4.13",
        "@smithy/types": "^4.16.1",
        "tslib": "^2.6.2"
      },
      "engines": {
        "node": ">=20.0.0"
      }
    },
    "node_modules/@aws-sdk/credential-provider-process": {
      "version": "3.972.61",
      "resolved": "https://registry.npmjs.org/@aws-sdk/credential-provider-process/-/credential-provider-process-3.972.61.tgz",
      "integrity": "sha512-xzRuj+fUVO4nkafKQJVKAF97kGpeQbfjuwmRrtGZNf42/1dkmcz6o7dswBy7alY0htQn5sCL1GWQYEykviWZkA==",
      "dependencies": {
        "@aws-sdk/core": "^3.977.0",
        "@aws-sdk/types": "^3.974.2",
        "@smithy/core": "^3.29.8",
        "@smithy/types": "^4.16.1",
        "tslib": "^2.6.2"
      },
      "engines": {
        "node": ">=20.0.0"
      }
    },
    "node_modules/@aws-sdk/credential-provider-sso": {
      "version": "3.973.5",
      "resolved": "https://registry.npmjs.org/@aws-sdk/credential-provider-sso/-/credential-provider-sso-3.973.5.tgz",
      "integrity": "sha512-fZRjjWhLFelsDoOYjqShQTrIGYC3Pf9Mx9Czf+1ikfQDgktxjze33dVo1q1/ZQ+T0qbtejVoHNHrfD5aJVpv/w==",
      "dependencies": {
        "@aws-sdk/core": "^3.977.0",
        "@aws-sdk/nested-clients": "^3.997.35",
        "@aws-sdk/token-providers": "3.1095.0",
        "@aws-sdk/types": "^3.974.2",
        "@smithy/core": "^3.29.8",
        "@smithy/types": "^4.16.1",
        "tslib": "^2.6.2"
      },
      "engines": {
        "node": ">=20.0.0"
      }
    },
    "node_modules/@aws-sdk/credential-provider-web-identity": {
      "version": "3.972.67",
      "resolved": "https://registry.npmjs.org/@aws-sdk/credential-provider-web-identity/-/credential-provider-web-identity-3.972.67.tgz",
      "integrity": "sha512-FTNZ05gkPBA6CKbU3N4zPgybV+stdazwMOya75CmGdcJL7p8Fw/BdHP8WVxJd0mvzyPK2cg/C3gli58Ir4HgCw==",
      "dependencies": {
        "@aws-sdk/core": "^3.977.0",
        "@aws-sdk/nested-clients": "^3.997.35",
        "@aws-sdk/types": "^3.974.2",
        "@smithy/core": "^3.29.8",
        "@smithy/types": "^4.16.1",
        "tslib": "^2.6.2"
      },
      "engines": {
        "node": ">=20.0.0"
      }
    },
    "node_modules/@aws-sdk/middleware-sdk-api-gateway": {
      "version": "3.972.25",
      "resolved": "https://registry.npmjs.org/@aws-sdk/middleware-sdk-api-gateway/-/middleware-sdk-api-gateway-3.972.25.tgz",
      "integrity": "sha512-MPWjnRuwHGszFwHrwWluot1f6TU8BFI9Z+SGgWupAmNIEZUBGZTHTszzm59KYEh3xMnq78H8757AJaZV/y73IQ==",
      "dependencies": {
        "@aws-sdk/types": "^3.974.2",
        "@smithy/core": "^3.29.8",
        "@smithy/types": "^4.16.1",
        "tslib": "^2.6.2"
      },
      "engines": {
        "node": ">=20.0.0"
      }
    },
    "node_modules/@aws-sdk/nested-clients": {
      "version": "3.997.35",
      "resolved": "https://registry.npmjs.org/@aws-sdk/nested-clients/-/nested-clients-3.997.35.tgz",
      "integrity": "sha512-2MJfseVG/aXvIyOIBlYA/Oaf6qFDdsu4D8RKsEUdOQpVuLaor0BdxIBBtJLBNQQEe6Ku3YMvLljwb1MwVUpzRw==",
      "dependencies": {
        "@aws-sdk/core": "^3.977.0",
        "@aws-sdk/signature-v4-multi-region": "^3.996.42",
        "@aws-sdk/types": "^3.974.2",
        "@smithy/core": "^3.29.8",
        "@smithy/fetch-http-handler": "^5.6.10",
        "@smithy/node-http-handler": "^4.9.10",
        "@smithy/types": "^4.16.1",
        "tslib": "^2.6.2"
      },
      "engines": {
        "node": ">=20.0.0"
      }
    },
    "node_modules/@aws-sdk/signature-v4-multi-region": {
      "version": "3.996.42",
      "resolved": "https://registry.npmjs.org/@aws-sdk/signature-v4-multi-region/-/signature-v4-multi-region-3.996.42.tgz",
      "integrity": "sha512-DBV4naZP6HYBlAvPpoQzOP12Wvfou/5rN8yJPXjBTBylU5qwCbh/tXr2MddHoIjgoRkEl/eS+IljiUqvmwey1Q==",
      "dependencies": {
        "@aws-sdk/types": "^3.974.2",
        "@smithy/signature-v4": "^5.6.9",
        "@smithy/types": "^4.16.1",
        "tslib": "^2.6.2"
      },
      "engines": {
        "node": ">=20.0.0"
      }
    },
    "node_modules/@aws-sdk/token-providers": {
      "version": "3.1095.0",
      "resolved": "https://registry.npmjs.org/@aws-sdk/token-providers/-/token-providers-3.1095.0.tgz",
      "integrity": "sha512-65SudS6y4nzaYHybtqcpm3sHe5jLhdMn68HRKS1nUx690BtQeaAQOoujQ+dpOjBATIVGVgKKjEP8tR+U06QJQA==",
      "dependencies": {
        "@aws-sdk/core": "^3.977.0",
        "@aws-sdk/nested-clients": "^3.997.35",
        "@aws-sdk/types": "^3.974.2",
        "@smithy/core": "^3.29.8",
        "@smithy/types": "^4.16.1",
        "tslib": "^2.6.2"
      },
      "engines": {
        "node": ">=20.0.0"
      }
    },
    "node_modules/@aws-sdk/types": {
      "version": "3.974.2",
      "resolved": "https://registry.npmjs.org/@aws-sdk/types/-/types-3.974.2.tgz",
      "integrity": "sha512-3W6IUtSxFbH6X7Wb7DzGCV5QiFQsd0g8bOfntpmDxQlzBoKWUMBu/JPQR0DwkE+Hpnxd6db1tXbOwdeHddG6cA==",
      "dependencies": {
        "@smithy/types": "^4.16.1",
        "tslib": "^2.6.2"
      },
      "engines": {
        "node": ">=20.0.0"
      }
    },
    "node_modules/@aws-sdk/xml-builder": {
      "version": "3.972.37",
      "resolved": "https://registry.npmjs.org/@aws-sdk/xml-builder/-/xml-builder-3.972.37.tgz",
      "integrity": "sha512-zKq4HQum8JwDyEuyfuI4bbiAcU0KxP6qy+9PR/IsR92IyE/DaBAikzAS50tjxip4bqIIANpCcG+Yyj6CVhXupg==",
      "dependencies": {
        "@smithy/types": "^4.16.1",
        "tslib": "^2.6.2"
      },
      "engines": {
        "node": ">=20.0.0"
      }
    },
    "node_modules/@aws/lambda-invoke-store": {
      "version": "0.3.0",
      "resolved": "https://registry.npmjs.org/@aws/lambda-invoke-store/-/lambda-invoke-store-0.3.0.tgz",
      "integrity": "sha512-sl4Bm6yiMNYrZKkqqDFWN0UfnWhlS8ivKxrYl+6t0gCLrqr8y3B2IqZZbFRkfaVVp7C/baApyh71P+LeE1A2sQ==",
      "engines": {
        "node": ">=18.0.0"
      }
    },
    "node_modules/@gershy/clearing": {
      "version": "0.0.48",
      "resolved": "https://registry.npmjs.org/@gershy/clearing/-/clearing-0.0.48.tgz",
      "integrity": "sha512-9h254uy073hx34bhOqnQKSbZQ4Afp8nsDA2XhPy8y8HL1CY1IGeyODMCMmJQ1nbApAFvknFDGQwJPCRUAqcgBw==",
      "peer": true
    },
    "node_modules/@gershy/disk": {
      "version": "0.0.29",
      "resolved": "https://registry.npmjs.org/@gershy/disk/-/disk-0.0.29.tgz",
      "integrity": "sha512-F+c+baTa/EK0upoO6bgNLvL+KI06gs9YW4jDzuSsDt7wg1jDYbS47mtxld9zLTK61xHQNOwoYeSL3i2hITjIyQ==",
      "dependencies": {
        "@gershy/util-retry": "^0.0.18"
      },
      "peerDependencies": {
        "@gershy/clearing": "^0.0.48"
      }
    },
    "node_modules/@gershy/lilac": {
      "version": "0.0.45",
      "resolved": "https://registry.npmjs.org/@gershy/lilac/-/lilac-0.0.45.tgz",
      "integrity": "sha512-YdYEFuheoQxc8Fgo7vDuNAjkm03RxoSK3KKSodDcUHBB13hEc+nkZHw8aDXYy9eDvC3JNjysBklSosVUzHUoMg==",
      "dependencies": {
        "@aws-sdk/client-api-gateway": "^3.893.0",
        "@gershy/nodejs-proc": "^0.0.16",
        "@gershy/util-http": "^0.0.16",
        "@gershy/util-phrasing": "^0.0.14",
        "@gershy/util-try-with-healing": "^0.0.12"
      },
      "peerDependencies": {
        "@gershy/clearing": "^0.0.48"
      }
    },
    "node_modules/@gershy/logger": {
      "version": "0.0.16",
      "resolved": "https://registry.npmjs.org/@gershy/logger/-/logger-0.0.16.tgz",
      "integrity": "sha512-dFyDvriS5cLHlkgoPR81pnRtXMSHFRmruf49YLcOlVpK/ATG42f8/s06jwJBGnhGisZH35s7MDRisfhiovZ8zA==",
      "peerDependencies": {
        "@gershy/clearing": "^0.0.48"
      }
    },
    "node_modules/@gershy/nodejs-proc": {
      "version": "0.0.16",
      "resolved": "https://registry.npmjs.org/@gershy/nodejs-proc/-/nodejs-proc-0.0.16.tgz",
      "integrity": "sha512-dVlij63OBsBd4TitUbY2Vg4Mh29Eo4HReXfS5DVi7rN1we3LuZ55zVPclvbi6Assj45oKvNPeG6K0i4aIv1yfg==",
      "dependencies": {
        "@gershy/disk": "^0.0.29"
      },
      "peerDependencies": {
        "@gershy/clearing": "^0.0.48"
      }
    },
    "node_modules/@gershy/util-http": {
      "version": "0.0.16",
      "resolved": "https://registry.npmjs.org/@gershy/util-http/-/util-http-0.0.16.tgz",
      "integrity": "sha512-FcmjXUOelYek+2Ebj1THCjI0vjJoHP12dCKyDThg7K6VVXw7mFNneeAerbGDuNqzLZPD6pBsDCJqKEI265XRGg==",
      "peerDependencies": {
        "@gershy/clearing": "^0.0.48"
      }
    },
    "node_modules/@gershy/util-phrasing": {
      "version": "0.0.14",
      "resolved": "https://registry.npmjs.org/@gershy/util-phrasing/-/util-phrasing-0.0.14.tgz",
      "integrity": "sha512-sedk+DrItsBX9/HcGtI46X55KteXGIZpaKFIuTO6st+D6qrJwDEP5B83LkkOcnA+UM041BGHbj74TnzykUJCYA==",
      "peerDependencies": {
        "@gershy/clearing": "^0.0.48"
      }
    },
    "node_modules/@gershy/util-retry": {
      "version": "0.0.18",
      "resolved": "https://registry.npmjs.org/@gershy/util-retry/-/util-retry-0.0.18.tgz",
      "integrity": "sha512-KHG8JoUPBH87B0f2q+gJOwM1uQeZbTayg1KtmzPCbeTAoW7IJOzpsg16iCbnbBb90L0AZhw3O1PUtCni8uXSQw==",
      "peerDependencies": {
        "@gershy/clearing": "^0.0.48"
      }
    },
    "node_modules/@gershy/util-try-with-healing": {
      "version": "0.0.12",
      "resolved": "https://registry.npmjs.org/@gershy/util-try-with-healing/-/util-try-with-healing-0.0.12.tgz",
      "integrity": "sha512-/eTsLQnrvLrPCA5JRX/vi64e47CkQMPy3VyOikm6TcAJqs2uCXeqjkZ9XvBsyOLKrQYS1Uv06caMSsd3FYSifw==",
      "peerDependencies": {
        "@gershy/clearing": "^0.0.48"
      }
    },
    "node_modules/@smithy/core": {
      "version": "3.29.8",
      "resolved": "https://registry.npmjs.org/@smithy/core/-/core-3.29.8.tgz",
      "integrity": "sha512-rpCbCV+TimOBi3VLNBMmtTvgfOWcFIEAru3+TFlG87SL2F+te4jOnnNR+cf3uR4eJ5Qf4LnT80fqnBKgPRS6zA==",
      "dependencies": {
        "@smithy/types": "^4.16.1",
        "tslib": "^2.6.2"
      },
      "engines": {
        "node": ">=18.0.0"
      }
    },
    "node_modules/@smithy/credential-provider-imds": {
      "version": "4.4.13",
      "resolved": "https://registry.npmjs.org/@smithy/credential-provider-imds/-/credential-provider-imds-4.4.13.tgz",
      "integrity": "sha512-X+2HNZhWi5i3rJsCas0LPf6fTQUaKyJ40zd8aTO/bwpRfpU3biYaqLr7C1WMibL7PVKJalpi1PyybjGPNoHC8Q==",
      "dependencies": {
        "@smithy/core": "^3.29.8",
        "@smithy/types": "^4.16.1",
        "tslib": "^2.6.2"
      },
      "engines": {
        "node": ">=18.0.0"
      }
    },
    "node_modules/@smithy/fetch-http-handler": {
      "version": "5.6.10",
      "resolved": "https://registry.npmjs.org/@smithy/fetch-http-handler/-/fetch-http-handler-5.6.10.tgz",
      "integrity": "sha512-5/Yj9mS2JjTsB3B8ZX7euh77mrY9aXW23ag1yAmFykSRmA6vldqBrgqmSeQ50EjY+5SB8+aE4w14B6LKbBVEhQ==",
      "dependencies": {
        "@smithy/core": "^3.29.8",
        "@smithy/types": "^4.16.1",
        "tslib": "^2.6.2"
      },
      "engines": {
        "node": ">=18.0.0"
      }
    },
    "node_modules/@smithy/node-http-handler": {
      "version": "4.9.10",
      "resolved": "https://registry.npmjs.org/@smithy/node-http-handler/-/node-http-handler-4.9.10.tgz",
      "integrity": "sha512-ETQz9v/Z+nTQc6fRWTXxUpxJqwpmzB3Tn3WKAdHwWkeT+m+HE5czs6GNG8vW+4vyxXSls65RVcvOZwk7Q/PS/Q==",
      "dependencies": {
        "@smithy/core": "^3.29.8",
        "@smithy/types": "^4.16.1",
        "tslib": "^2.6.2"
      },
      "engines": {
        "node": ">=18.0.0"
      }
    },
    "node_modules/@smithy/signature-v4": {
      "version": "5.6.9",
      "resolved": "https://registry.npmjs.org/@smithy/signature-v4/-/signature-v4-5.6.9.tgz",
      "integrity": "sha512-g5rnEii/mkT0mjVJmlsaOfyNBtHNTecD9Lo4NP8D5HzMUEnZNpz7/FbvBCjNcV4vteHFAxOGiLUYNxPkDZZAPw==",
      "dependencies": {
        "@smithy/core": "^3.29.8",
        "@smithy/types": "^4.16.1",
        "tslib": "^2.6.2"
      },
      "engines": {
        "node": ">=18.0.0"
      }
    },
    "node_modules/@smithy/types": {
      "version": "4.16.1",
      "resolved": "https://registry.npmjs.org/@smithy/types/-/types-4.16.1.tgz",
      "integrity": "sha512-0JFs3V2y2M9tKW5na/qxe69Zv+uxLMO7QBbhxF/FHu/Gp2NFZAAL9tWl9PU02xxo07pb3G9FTyjNc6D5uZrJIg==",
      "dependencies": {
        "tslib": "^2.6.2"
      },
      "engines": {
        "node": ">=18.0.0"
      }
    },
    "node_modules/@types/node": {
      "version": "24.13.3",
      "resolved": "https://registry.npmjs.org/@types/node/-/node-24.13.3.tgz",
      "integrity": "sha512-Dh8vAsV36ig5wa9OX4pXvMc9D3Veibfw2wix0CUwYODLD8nkj9UsLjASr49nPg+2eKzxhBV+v7L8pXvT4e639Q==",
      "dev": true,
      "dependencies": {
        "undici-types": "~7.18.0"
      }
    },
    "node_modules/bowser": {
      "version": "2.14.1",
      "resolved": "https://registry.npmjs.org/bowser/-/bowser-2.14.1.tgz",
      "integrity": "sha512-tzPjzCxygAKWFOJP011oxFHs57HzIhOEracIgAePE4pqB3LikALKnSzUyU4MGs9/iCEUuHlAJTjTc5M+u7YEGg=="
    },
    "node_modules/tslib": {
      "version": "2.8.1",
      "resolved": "https://registry.npmjs.org/tslib/-/tslib-2.8.1.tgz",
      "integrity": "sha512-oJFu94HQb+KVduSUQL7wnpmqnfmLsOA/nAh6b6EH0wCEoK0/mPeXU6c3wKDV83MkOuHPRHtSXKKU99IBazS/2w=="
    },
    "node_modules/undici-types": {
      "version": "7.18.2",
      "resolved": "https://registry.npmjs.org/undici-types/-/undici-types-7.18.2.tgz",
      "integrity": "sha512-AsuCzffGHJybSaRrmr5eHr81mwJU3kjw6M+uprWvCXiNeN9SOGwQ3Jn8jb8m3Z6izVgknn1R0FTCEAP2QrLY/w==",
      "dev": true
    }
  }
}
