{
  "name": "@gershy/lilac-network",
  "version": "0.0.13",
  "lockfileVersion": 3,
  "requires": true,
  "packages": {
    "": {
      "name": "@gershy/lilac-network",
      "version": "0.0.13",
      "license": "ISC",
      "dependencies": {
        "@gershy/lilac": "^0.0.40",
        "@gershy/logger": "^0.0.12",
        "@gershy/util-phrasing": "^0.0.10"
      },
      "devDependencies": {
        "@types/node": "^24.10.1"
      },
      "peerDependencies": {
        "@gershy/clearing": "^0.0.44"
      }
    },
    "node_modules/@aws-sdk/client-api-gateway": {
      "version": "3.1079.0",
      "resolved": "https://registry.npmjs.org/@aws-sdk/client-api-gateway/-/client-api-gateway-3.1079.0.tgz",
      "integrity": "sha512-iUAoqoqs1S54fmdhHpZqYffwk0yznuUmb846mW4Vr6utEym+RFNLwnFsFCBV0Jw6MJD5Z0gWytawSJqdfvyVXg==",
      "dependencies": {
        "@aws-sdk/core": "^3.974.27",
        "@aws-sdk/credential-provider-node": "^3.972.62",
        "@aws-sdk/middleware-sdk-api-gateway": "^3.972.21",
        "@aws-sdk/types": "^3.973.15",
        "@smithy/core": "^3.29.0",
        "@smithy/fetch-http-handler": "^5.6.2",
        "@smithy/node-http-handler": "^4.9.2",
        "@smithy/types": "^4.15.1",
        "tslib": "^2.6.2"
      },
      "engines": {
        "node": ">=20.0.0"
      }
    },
    "node_modules/@aws-sdk/core": {
      "version": "3.974.27",
      "resolved": "https://registry.npmjs.org/@aws-sdk/core/-/core-3.974.27.tgz",
      "integrity": "sha512-WRWEgIq6vx+NU6ot3VrRu4Jovj9MIObitSi6of/GV5THDDPccBhivCRNkWJutMM+m3GvdeI3l/UbGNcoOobxOA==",
      "dependencies": {
        "@aws-sdk/types": "^3.973.15",
        "@aws-sdk/xml-builder": "^3.972.33",
        "@aws/lambda-invoke-store": "^0.3.0",
        "@smithy/core": "^3.29.0",
        "@smithy/signature-v4": "^5.6.1",
        "@smithy/types": "^4.15.1",
        "bowser": "^2.11.0",
        "tslib": "^2.6.2"
      },
      "engines": {
        "node": ">=20.0.0"
      }
    },
    "node_modules/@aws-sdk/credential-provider-env": {
      "version": "3.972.53",
      "resolved": "https://registry.npmjs.org/@aws-sdk/credential-provider-env/-/credential-provider-env-3.972.53.tgz",
      "integrity": "sha512-+KDA3uc/HZ1vIneGu5QMQb0gAXDYrm2vOE60+BJ7lS0YinMQ5i2oV4PR1A16XkF6K1IbSwjEHd1hQIIgMsK48w==",
      "dependencies": {
        "@aws-sdk/core": "^3.974.27",
        "@aws-sdk/types": "^3.973.15",
        "@smithy/core": "^3.29.0",
        "@smithy/types": "^4.15.1",
        "tslib": "^2.6.2"
      },
      "engines": {
        "node": ">=20.0.0"
      }
    },
    "node_modules/@aws-sdk/credential-provider-http": {
      "version": "3.972.55",
      "resolved": "https://registry.npmjs.org/@aws-sdk/credential-provider-http/-/credential-provider-http-3.972.55.tgz",
      "integrity": "sha512-1gBfkWY3RWeBlCoB9lIJjXMx45/54wxcgfzv6BY9otTmMrZPcNPi1v+MwZxxaCUg441NV3jsr1efnFNCXiW70g==",
      "dependencies": {
        "@aws-sdk/core": "^3.974.27",
        "@aws-sdk/types": "^3.973.15",
        "@smithy/core": "^3.29.0",
        "@smithy/fetch-http-handler": "^5.6.2",
        "@smithy/node-http-handler": "^4.9.2",
        "@smithy/types": "^4.15.1",
        "tslib": "^2.6.2"
      },
      "engines": {
        "node": ">=20.0.0"
      }
    },
    "node_modules/@aws-sdk/credential-provider-ini": {
      "version": "3.972.60",
      "resolved": "https://registry.npmjs.org/@aws-sdk/credential-provider-ini/-/credential-provider-ini-3.972.60.tgz",
      "integrity": "sha512-CV2md+PXvABwRjApWGhQ0wACy9WSFIhnUGrovLcjnjBCd/46TbuivLADtkF8IWNjtCQmQ+2IagSaxqBYqXBNAQ==",
      "dependencies": {
        "@aws-sdk/core": "^3.974.27",
        "@aws-sdk/credential-provider-env": "^3.972.53",
        "@aws-sdk/credential-provider-http": "^3.972.55",
        "@aws-sdk/credential-provider-login": "^3.972.59",
        "@aws-sdk/credential-provider-process": "^3.972.53",
        "@aws-sdk/credential-provider-sso": "^3.972.59",
        "@aws-sdk/credential-provider-web-identity": "^3.972.59",
        "@aws-sdk/nested-clients": "^3.997.27",
        "@aws-sdk/types": "^3.973.15",
        "@smithy/core": "^3.29.0",
        "@smithy/credential-provider-imds": "^4.4.5",
        "@smithy/types": "^4.15.1",
        "tslib": "^2.6.2"
      },
      "engines": {
        "node": ">=20.0.0"
      }
    },
    "node_modules/@aws-sdk/credential-provider-login": {
      "version": "3.972.59",
      "resolved": "https://registry.npmjs.org/@aws-sdk/credential-provider-login/-/credential-provider-login-3.972.59.tgz",
      "integrity": "sha512-JG4S9yyA1GFzJdJXqLKrUzZbyK+VDp2QIsJD7YOicJHAhqymfHpDJIok2dLnhOdVB0I37RjdC53uOwCMVS00gw==",
      "dependencies": {
        "@aws-sdk/core": "^3.974.27",
        "@aws-sdk/nested-clients": "^3.997.27",
        "@aws-sdk/types": "^3.973.15",
        "@smithy/core": "^3.29.0",
        "@smithy/types": "^4.15.1",
        "tslib": "^2.6.2"
      },
      "engines": {
        "node": ">=20.0.0"
      }
    },
    "node_modules/@aws-sdk/credential-provider-node": {
      "version": "3.972.62",
      "resolved": "https://registry.npmjs.org/@aws-sdk/credential-provider-node/-/credential-provider-node-3.972.62.tgz",
      "integrity": "sha512-S6Slq3Tx7bvFk5yc34XNADyZYTX2HUXvaFAnowGRQnhjBO8J/mP62Fn7lxvJwjaDyYm/7gh9h6HEHaltRyMFXw==",
      "dependencies": {
        "@aws-sdk/credential-provider-env": "^3.972.53",
        "@aws-sdk/credential-provider-http": "^3.972.55",
        "@aws-sdk/credential-provider-ini": "^3.972.60",
        "@aws-sdk/credential-provider-process": "^3.972.53",
        "@aws-sdk/credential-provider-sso": "^3.972.59",
        "@aws-sdk/credential-provider-web-identity": "^3.972.59",
        "@aws-sdk/types": "^3.973.15",
        "@smithy/core": "^3.29.0",
        "@smithy/credential-provider-imds": "^4.4.5",
        "@smithy/types": "^4.15.1",
        "tslib": "^2.6.2"
      },
      "engines": {
        "node": ">=20.0.0"
      }
    },
    "node_modules/@aws-sdk/credential-provider-process": {
      "version": "3.972.53",
      "resolved": "https://registry.npmjs.org/@aws-sdk/credential-provider-process/-/credential-provider-process-3.972.53.tgz",
      "integrity": "sha512-EhfH+MQlqOMCkXIVa8MMObPzAQqwTTtxA7KhEJiyPeuNVA8PLOOUpgK7nBrgaDaGiIDLN/9LpGdaHuDjomeRTw==",
      "dependencies": {
        "@aws-sdk/core": "^3.974.27",
        "@aws-sdk/types": "^3.973.15",
        "@smithy/core": "^3.29.0",
        "@smithy/types": "^4.15.1",
        "tslib": "^2.6.2"
      },
      "engines": {
        "node": ">=20.0.0"
      }
    },
    "node_modules/@aws-sdk/credential-provider-sso": {
      "version": "3.972.59",
      "resolved": "https://registry.npmjs.org/@aws-sdk/credential-provider-sso/-/credential-provider-sso-3.972.59.tgz",
      "integrity": "sha512-h8793pOjcImx0SB+VcLONcaQQ57VAvKVuqyewQMRKqqH+CSXsG2dwOeLMUJPMxLdNvL7dXOM0ueTukyNUnu5mA==",
      "dependencies": {
        "@aws-sdk/core": "^3.974.27",
        "@aws-sdk/nested-clients": "^3.997.27",
        "@aws-sdk/token-providers": "3.1079.0",
        "@aws-sdk/types": "^3.973.15",
        "@smithy/core": "^3.29.0",
        "@smithy/types": "^4.15.1",
        "tslib": "^2.6.2"
      },
      "engines": {
        "node": ">=20.0.0"
      }
    },
    "node_modules/@aws-sdk/credential-provider-web-identity": {
      "version": "3.972.59",
      "resolved": "https://registry.npmjs.org/@aws-sdk/credential-provider-web-identity/-/credential-provider-web-identity-3.972.59.tgz",
      "integrity": "sha512-VoyO9+vl3XVmpZwn4obskrWIkrA/Jf3lSe1E3ZERlaN9u0D4YZ6+HywC3+L98QOXqZesEfedk67gRER8tK8+8w==",
      "dependencies": {
        "@aws-sdk/core": "^3.974.27",
        "@aws-sdk/nested-clients": "^3.997.27",
        "@aws-sdk/types": "^3.973.15",
        "@smithy/core": "^3.29.0",
        "@smithy/types": "^4.15.1",
        "tslib": "^2.6.2"
      },
      "engines": {
        "node": ">=20.0.0"
      }
    },
    "node_modules/@aws-sdk/middleware-sdk-api-gateway": {
      "version": "3.972.21",
      "resolved": "https://registry.npmjs.org/@aws-sdk/middleware-sdk-api-gateway/-/middleware-sdk-api-gateway-3.972.21.tgz",
      "integrity": "sha512-tlu8JAcbrhh4jnoQXczWQ2QIOaev3ZdVBdU4RRaNBfJmVyuBbMKdh6mdrunEdSFgm2GlJW1lIhE4BHTL0A55dw==",
      "dependencies": {
        "@aws-sdk/types": "^3.973.15",
        "@smithy/core": "^3.29.0",
        "@smithy/types": "^4.15.1",
        "tslib": "^2.6.2"
      },
      "engines": {
        "node": ">=20.0.0"
      }
    },
    "node_modules/@aws-sdk/nested-clients": {
      "version": "3.997.27",
      "resolved": "https://registry.npmjs.org/@aws-sdk/nested-clients/-/nested-clients-3.997.27.tgz",
      "integrity": "sha512-A8PIePF9NIIOJ/4Lg1rl9xm/+QaKkHGetq+Z9wb5B+3Da31YYXRo8n7IDMh5C+HQI5eyEmjrwkGWVdYtnLtbXQ==",
      "dependencies": {
        "@aws-sdk/core": "^3.974.27",
        "@aws-sdk/signature-v4-multi-region": "^3.996.38",
        "@aws-sdk/types": "^3.973.15",
        "@smithy/core": "^3.29.0",
        "@smithy/fetch-http-handler": "^5.6.2",
        "@smithy/node-http-handler": "^4.9.2",
        "@smithy/types": "^4.15.1",
        "tslib": "^2.6.2"
      },
      "engines": {
        "node": ">=20.0.0"
      }
    },
    "node_modules/@aws-sdk/signature-v4-multi-region": {
      "version": "3.996.38",
      "resolved": "https://registry.npmjs.org/@aws-sdk/signature-v4-multi-region/-/signature-v4-multi-region-3.996.38.tgz",
      "integrity": "sha512-C379Sk+MiFZCfWZphKlMyLHKxV22OjoGM5KJjj5IJNJcOCWL4IGIpnEGzv1FQiRwhYXfq55SJMfxlqPE08JJ9g==",
      "dependencies": {
        "@aws-sdk/types": "^3.973.15",
        "@smithy/signature-v4": "^5.6.1",
        "@smithy/types": "^4.15.1",
        "tslib": "^2.6.2"
      },
      "engines": {
        "node": ">=20.0.0"
      }
    },
    "node_modules/@aws-sdk/token-providers": {
      "version": "3.1079.0",
      "resolved": "https://registry.npmjs.org/@aws-sdk/token-providers/-/token-providers-3.1079.0.tgz",
      "integrity": "sha512-cbietrLlHPhhmbnMPTuDS4Zj/KNGhY+3vVhn6dwjO6Dqzrwothzg2srtcY34T9mlICsTXn34avDoWLHSntP54A==",
      "dependencies": {
        "@aws-sdk/core": "^3.974.27",
        "@aws-sdk/nested-clients": "^3.997.27",
        "@aws-sdk/types": "^3.973.15",
        "@smithy/core": "^3.29.0",
        "@smithy/types": "^4.15.1",
        "tslib": "^2.6.2"
      },
      "engines": {
        "node": ">=20.0.0"
      }
    },
    "node_modules/@aws-sdk/types": {
      "version": "3.973.15",
      "resolved": "https://registry.npmjs.org/@aws-sdk/types/-/types-3.973.15.tgz",
      "integrity": "sha512-IULn8uBV/SMtmOIANsm4WHXIOtVPBWfOWs3WGL0j/sI+KhaYehvOw0ET+9urnn8MBpiijuU/0JOpuwKOE451PQ==",
      "dependencies": {
        "@smithy/types": "^4.15.1",
        "tslib": "^2.6.2"
      },
      "engines": {
        "node": ">=20.0.0"
      }
    },
    "node_modules/@aws-sdk/xml-builder": {
      "version": "3.972.33",
      "resolved": "https://registry.npmjs.org/@aws-sdk/xml-builder/-/xml-builder-3.972.33.tgz",
      "integrity": "sha512-ezbwz9WpuLctm6o7P2t2naDhVVPI5jFGrVefVybhcKGjU57VIyT46pQVO0RI2RYkUdhdj2Z9uSIlAzGZE9NW9A==",
      "dependencies": {
        "@smithy/types": "^4.15.1",
        "tslib": "^2.6.2"
      },
      "engines": {
        "node": ">=20.0.0"
      }
    },
    "node_modules/@aws/lambda-invoke-store": {
      "version": "0.3.0",
      "resolved": "https://registry.npmjs.org/@aws/lambda-invoke-store/-/lambda-invoke-store-0.3.0.tgz",
      "integrity": "sha512-sl4Bm6yiMNYrZKkqqDFWN0UfnWhlS8ivKxrYl+6t0gCLrqr8y3B2IqZZbFRkfaVVp7C/baApyh71P+LeE1A2sQ==",
      "engines": {
        "node": ">=18.0.0"
      }
    },
    "node_modules/@gershy/clearing": {
      "version": "0.0.44",
      "resolved": "https://registry.npmjs.org/@gershy/clearing/-/clearing-0.0.44.tgz",
      "integrity": "sha512-lfAoii0obvn7wMixCLGAj4KufYhKRAwHAZnmS3JRwtzwfwrrnhmm+FrrF28YCK5lGJF9MEOBds+XlJUK0ISk0Q==",
      "peer": true
    },
    "node_modules/@gershy/disk": {
      "version": "0.0.17",
      "resolved": "https://registry.npmjs.org/@gershy/disk/-/disk-0.0.17.tgz",
      "integrity": "sha512-bZrzCI5kHozUzWDJeeYwiJbgrixcIY+09ltH1OWxO3e+gD7DsTAwSckPo94HLzzz5GUBQZP51LEmeZqau4Qccg==",
      "dependencies": {
        "@gershy/util-retry": "^0.0.13"
      },
      "peerDependencies": {
        "@gershy/clearing": "^0.0.44"
      }
    },
    "node_modules/@gershy/lilac": {
      "version": "0.0.40",
      "resolved": "https://registry.npmjs.org/@gershy/lilac/-/lilac-0.0.40.tgz",
      "integrity": "sha512-/9By/1NCYq4Z0ZGKuDUDj1Eb0qheOu1vFs2HKQtj6C2VASNoSylVtP5qz6NfL9Gnx3kNAZ2IqWj2Fs+cF+ampg==",
      "dependencies": {
        "@aws-sdk/client-api-gateway": "^3.893.0",
        "@gershy/nodejs-proc": "^0.0.11",
        "@gershy/util-http": "^0.0.11",
        "@gershy/util-phrasing": "^0.0.10",
        "@gershy/util-try-with-healing": "^0.0.8"
      },
      "peerDependencies": {
        "@gershy/clearing": "^0.0.44"
      }
    },
    "node_modules/@gershy/logger": {
      "version": "0.0.12",
      "resolved": "https://registry.npmjs.org/@gershy/logger/-/logger-0.0.12.tgz",
      "integrity": "sha512-wIsnmVfoqKVU8z2d6ylYwl6B0veG3VgA2c9XQMO3ziGvxZLfWzRk923orxTD7cWf4gTQyM9ruJ6oUDNizjqoLg==",
      "peerDependencies": {
        "@gershy/clearing": "^0.0.44"
      }
    },
    "node_modules/@gershy/nodejs-proc": {
      "version": "0.0.11",
      "resolved": "https://registry.npmjs.org/@gershy/nodejs-proc/-/nodejs-proc-0.0.11.tgz",
      "integrity": "sha512-0QjmxfbXeyU1ewZ7KzEZ4nRzaIwDktgL2gBLHe07otRx2Jxt5zvK8t2YjabPCb2n3CnjtV8L3B3YHlH1Z+OjQg==",
      "dependencies": {
        "@gershy/disk": "^0.0.17"
      },
      "peerDependencies": {
        "@gershy/clearing": "^0.0.44"
      }
    },
    "node_modules/@gershy/util-http": {
      "version": "0.0.11",
      "resolved": "https://registry.npmjs.org/@gershy/util-http/-/util-http-0.0.11.tgz",
      "integrity": "sha512-OUTa3N96mQjpnGpDtnPZcJYfIQ4nDsaHyHhS6G2VdINBepHJg4oCx3rNgyit7rD/yfr+e+1qXrfQ9cJq8tT09w==",
      "peerDependencies": {
        "@gershy/clearing": "^0.0.44"
      }
    },
    "node_modules/@gershy/util-phrasing": {
      "version": "0.0.10",
      "resolved": "https://registry.npmjs.org/@gershy/util-phrasing/-/util-phrasing-0.0.10.tgz",
      "integrity": "sha512-zXJa8XZr9IdXc0fm9qNXgo2SbithKxganJy60eTTUaZ9UzsiKWwsFHTLwAdxWMP5HF4mVWl4s8CWyW8fXjc2CQ==",
      "peerDependencies": {
        "@gershy/clearing": "^0.0.44"
      }
    },
    "node_modules/@gershy/util-retry": {
      "version": "0.0.13",
      "resolved": "https://registry.npmjs.org/@gershy/util-retry/-/util-retry-0.0.13.tgz",
      "integrity": "sha512-GqVhXYyYvHyJkexQQ252YJV0f9UXzkJG/3ja2L+8hMNmMVbQfg1pTvhHgoqJ65TXIfITb4FzPa+wOFfnSsCq9g==",
      "peerDependencies": {
        "@gershy/clearing": "^0.0.44"
      }
    },
    "node_modules/@gershy/util-try-with-healing": {
      "version": "0.0.8",
      "resolved": "https://registry.npmjs.org/@gershy/util-try-with-healing/-/util-try-with-healing-0.0.8.tgz",
      "integrity": "sha512-GOjWun5A3nRnVcFD74cAJZHBMtQKxvxb5auvE9RZUS8Wym7Q5VjH8qa5xpwwpCyXKzaxlu3bdJ0LeDU7KP219A==",
      "peerDependencies": {
        "@gershy/clearing": "^0.0.44"
      }
    },
    "node_modules/@smithy/core": {
      "version": "3.29.0",
      "resolved": "https://registry.npmjs.org/@smithy/core/-/core-3.29.0.tgz",
      "integrity": "sha512-sEvpvkBVoMxjoek35XyJFn2ZD3EJ1RpiZrT47WaZodxzAIWS44zkdvbqGE/ZlugtjiQp62cffYZ9ldyRkjAGnA==",
      "dependencies": {
        "@smithy/types": "^4.15.1",
        "tslib": "^2.6.2"
      },
      "engines": {
        "node": ">=18.0.0"
      }
    },
    "node_modules/@smithy/credential-provider-imds": {
      "version": "4.4.5",
      "resolved": "https://registry.npmjs.org/@smithy/credential-provider-imds/-/credential-provider-imds-4.4.5.tgz",
      "integrity": "sha512-LnjUTNG0GgQlKIq7IioeOrPaEmC5xOd1WtAz24TLSiYQnWX2uHr53GrFuQhkrJBktPYCMga/NbUOW7hFbSA2Cg==",
      "dependencies": {
        "@smithy/core": "^3.29.0",
        "@smithy/types": "^4.15.1",
        "tslib": "^2.6.2"
      },
      "engines": {
        "node": ">=18.0.0"
      }
    },
    "node_modules/@smithy/fetch-http-handler": {
      "version": "5.6.2",
      "resolved": "https://registry.npmjs.org/@smithy/fetch-http-handler/-/fetch-http-handler-5.6.2.tgz",
      "integrity": "sha512-q96PSDOAGw+X+nuELd7Cjebps0SYr+YlPbviEX9sLVw+VM4M7VV8hn1nL1mGS6urDu33eQ5A7WhlphaDO6kUyQ==",
      "dependencies": {
        "@smithy/core": "^3.29.0",
        "@smithy/types": "^4.15.1",
        "tslib": "^2.6.2"
      },
      "engines": {
        "node": ">=18.0.0"
      }
    },
    "node_modules/@smithy/node-http-handler": {
      "version": "4.9.2",
      "resolved": "https://registry.npmjs.org/@smithy/node-http-handler/-/node-http-handler-4.9.2.tgz",
      "integrity": "sha512-s0yAIRj6TVfHgl+QzVyqal1KMGZ9B5512IrxKc6+dOpw8fUmFL3CvuAhjv0J+aNjUPfVZ2IhqPEDvkB5Ncx9oA==",
      "dependencies": {
        "@smithy/core": "^3.29.0",
        "@smithy/types": "^4.15.1",
        "tslib": "^2.6.2"
      },
      "engines": {
        "node": ">=18.0.0"
      }
    },
    "node_modules/@smithy/signature-v4": {
      "version": "5.6.1",
      "resolved": "https://registry.npmjs.org/@smithy/signature-v4/-/signature-v4-5.6.1.tgz",
      "integrity": "sha512-SqvuP75p/DmgWWI7jv4kf/UW+V4LFmlUn19s604SgAcRuJRB1vDnWwzZMYCLUcmKxko9wDn6iLgGEIpTNgZbIQ==",
      "dependencies": {
        "@smithy/core": "^3.29.0",
        "@smithy/types": "^4.15.1",
        "tslib": "^2.6.2"
      },
      "engines": {
        "node": ">=18.0.0"
      }
    },
    "node_modules/@smithy/types": {
      "version": "4.15.1",
      "resolved": "https://registry.npmjs.org/@smithy/types/-/types-4.15.1.tgz",
      "integrity": "sha512-x3L0XSACF6UYzKpa9biqiRMgvH5+wnFFew9Tm/grFYqgaupPwx/+ojDPpPJM8dZON3S9tjz5U+PQYsCBd1Mw5Q==",
      "dependencies": {
        "tslib": "^2.6.2"
      },
      "engines": {
        "node": ">=18.0.0"
      }
    },
    "node_modules/@types/node": {
      "version": "24.13.2",
      "resolved": "https://registry.npmjs.org/@types/node/-/node-24.13.2.tgz",
      "integrity": "sha512-fRa09kZTgu8o71KFcDjUFuc7F+dEbZYZmkI0mg5YBTRs0yMKjYHsq/c0urDKeDb+D5qVgXOdFcuu+DZPKOITwA==",
      "dev": true,
      "dependencies": {
        "undici-types": "~7.18.0"
      }
    },
    "node_modules/bowser": {
      "version": "2.14.1",
      "resolved": "https://registry.npmjs.org/bowser/-/bowser-2.14.1.tgz",
      "integrity": "sha512-tzPjzCxygAKWFOJP011oxFHs57HzIhOEracIgAePE4pqB3LikALKnSzUyU4MGs9/iCEUuHlAJTjTc5M+u7YEGg=="
    },
    "node_modules/tslib": {
      "version": "2.8.1",
      "resolved": "https://registry.npmjs.org/tslib/-/tslib-2.8.1.tgz",
      "integrity": "sha512-oJFu94HQb+KVduSUQL7wnpmqnfmLsOA/nAh6b6EH0wCEoK0/mPeXU6c3wKDV83MkOuHPRHtSXKKU99IBazS/2w=="
    },
    "node_modules/undici-types": {
      "version": "7.18.2",
      "resolved": "https://registry.npmjs.org/undici-types/-/undici-types-7.18.2.tgz",
      "integrity": "sha512-AsuCzffGHJybSaRrmr5eHr81mwJU3kjw6M+uprWvCXiNeN9SOGwQ3Jn8jb8m3Z6izVgknn1R0FTCEAP2QrLY/w==",
      "dev": true
    }
  }
}
